
Microsoft Visual Studio Solution File, Format Version 12.00
# Visual Studio Version 17
VisualStudioVersion = 17.2.32630.192
MinimumVisualStudioVersion = 10.0.40219.1
Project("{2150E333-8FDC-42A3-9474-1A3956D46DE8}") = "UnitTestProjects", "UnitTestProjects", "{E4B74301-5AA9-4953-AD66-9B4CCFF4604B}"
EndProject
Project("{2150E333-8FDC-42A3-9474-1A3956D46DE8}") = "DatabaseScript", "DatabaseScript", "{250C2FF8-4E26-4811-8720-B3049C83265F}"
	ProjectSection(SolutionItems) = preProject
		DatabaseScript\00_FeatureDbScript_V1.sql = DatabaseScript\00_FeatureDbScript_V1.sql
		DatabaseScript\01_alter_UserprofileTbl.sql = DatabaseScript\01_alter_UserprofileTbl.sql
	EndProjectSection
EndProject
Project("{2150E333-8FDC-42A3-9474-1A3956D46DE8}") = "Common", "Common", "{09E9DCF7-83B3-4CFF-8668-BE2BF4B644F2}"
EndProject
Project("{2150E333-8FDC-42A3-9474-1A3956D46DE8}") = "src", "src", "{6B8EAE4E-9B33-45DB-B6DA-BAD52AA26017}"
EndProject
Project("{9A19103F-16F7-4668-BE54-9A1E7A4F7556}") = "Feature.JWT", "Feature.JWT\Feature.JWT.csproj", "{06F8BAD4-EA61-4715-9F6D-9907B4C0EB00}"
EndProject
Project("{9A19103F-16F7-4668-BE54-9A1E7A4F7556}") = "Feature.AWS.Storage", "Feature.AWS.Storage\Feature.AWS.Storage.csproj", "{C726E434-33C6-4A14-B2A9-8FE344BB9060}"
EndProject
Project("{9A19103F-16F7-4668-BE54-9A1E7A4F7556}") = "Feature.Azure.Storage", "Feature.Azure.Storage\Feature.Azure.Storage.csproj", "{7C4ACFF7-531F-4B8E-B214-24CCDF3A6689}"
EndProject
Project("{9A19103F-16F7-4668-BE54-9A1E7A4F7556}") = "Feature.Entity", "Feature.Entity\Feature.Entity.csproj", "{CB60B366-E98A-454E-A76A-512ECFA9EFF9}"
EndProject
Project("{9A19103F-16F7-4668-BE54-9A1E7A4F7556}") = "Feature.Repository.Interface", "Feature.Repository.Interface\Feature.Repository.Interface.csproj", "{9317286A-1776-421A-A21C-F6BE6E96C413}"
EndProject
Project("{9A19103F-16F7-4668-BE54-9A1E7A4F7556}") = "Feature.BusinessModel", "Feature.BusinessModel\Feature.BusinessModel.csproj", "{8014705F-49CE-44EF-8F7E-584F3F29383F}"
EndProject
Project("{9A19103F-16F7-4668-BE54-9A1E7A4F7556}") = "Feature.Repository.DBFirst", "Feature.Repository.DBFirst\Feature.Repository.DBFirst.csproj", "{D56E6C8E-487C-4B60-8DA6-BA19252C2AFA}"
EndProject
Project("{9A19103F-16F7-4668-BE54-9A1E7A4F7556}") = "Feature.Services", "Feature.Services\Feature.Services.csproj", "{9186F148-A3EC-4A7A-A887-6D18FD4755A5}"
EndProject
Project("{9A19103F-16F7-4668-BE54-9A1E7A4F7556}") = "Feature.API", "Feature.API\Feature.API.csproj", "{06696E5A-C562-4911-A442-15215179F8FC}"
EndProject
Project("{9A19103F-16F7-4668-BE54-9A1E7A4F7556}") = "Feature.Repository.CodeFirst", "Feature.Repository.CodeFirst\Feature.Repository.CodeFirst.csproj", "{AE38D9D6-F344-404E-B22E-23C71E9F3695}"
EndProject
Project("{9A19103F-16F7-4668-BE54-9A1E7A4F7556}") = "Feature.Repository.Dapper", "Feature.Repository.Dapper\Feature.Repository.Dapper.csproj", "{FECFBF96-62FE-4A9A-B740-B1CADC51029D}"
EndProject
Project("{2150E333-8FDC-42A3-9474-1A3956D46DE8}") = "Documentation", "Documentation", "{861EA5D7-9AC7-4AE8-A737-08BEBE18E66E}"
EndProject
Project("{9A19103F-16F7-4668-BE54-9A1E7A4F7556}") = "Feature.AzureAD", "Feature.AzureAD\Feature.AzureAD.csproj", "{1A5FAF0C-017E-4319-8CAB-AB55B3CD2D92}"
EndProject
Project("{9A19103F-16F7-4668-BE54-9A1E7A4F7556}") = "Feature.Mapper", "Feature.Mapper\Feature.Mapper.csproj", "{4C9000BC-9290-4966-97A2-72838F48DCEF}"
EndProject
Project("{2150E333-8FDC-42A3-9474-1A3956D46DE8}") = "ADONET", "ADONET", "{1667FDA8-4D79-476F-B074-D13D5BA4FDF6}"
EndProject
Project("{9A19103F-16F7-4668-BE54-9A1E7A4F7556}") = "Feature.ADONET.DAL", "Feature.Repositories.ADONET\Feature.ADONET.DAL.csproj", "{C3B8797D-550A-4687-BF2F-1E8EF986E571}"
EndProject
Project("{9A19103F-16F7-4668-BE54-9A1E7A4F7556}") = "Feature.DAL.Repositories", "Feature.DAL.Repositories\Feature.DAL.Repositories.csproj", "{52BF4C7D-5712-45DA-A610-EECBBCFF58E6}"
EndProject
Project("{FAE04EC0-301F-11D3-BF4B-00C04F79EFBC}") = "Feature.UnitTests", "Feature.UnitTests\Feature.UnitTests.csproj", "{B33866FF-2B94-4DD5-864C-155644942207}"
EndProject
Global
	GlobalSection(SolutionConfigurationPlatforms) = preSolution
		Debug|Any CPU = Debug|Any CPU
		Release|Any CPU = Release|Any CPU
	EndGlobalSection
	GlobalSection(ProjectConfigurationPlatforms) = postSolution
		{06F8BAD4-EA61-4715-9F6D-9907B4C0EB00}.Debug|Any CPU.ActiveCfg = Debug|Any CPU
		{06F8BAD4-EA61-4715-9F6D-9907B4C0EB00}.Debug|Any CPU.Build.0 = Debug|Any CPU
		{06F8BAD4-EA61-4715-9F6D-9907B4C0EB00}.Release|Any CPU.ActiveCfg = Release|Any CPU
		{06F8BAD4-EA61-4715-9F6D-9907B4C0EB00}.Release|Any CPU.Build.0 = Release|Any CPU
		{C726E434-33C6-4A14-B2A9-8FE344BB9060}.Debug|Any CPU.ActiveCfg = Debug|Any CPU
		{C726E434-33C6-4A14-B2A9-8FE344BB9060}.Debug|Any CPU.Build.0 = Debug|Any CPU
		{C726E434-33C6-4A14-B2A9-8FE344BB9060}.Release|Any CPU.ActiveCfg = Release|Any CPU
		{C726E434-33C6-4A14-B2A9-8FE344BB9060}.Release|Any CPU.Build.0 = Release|Any CPU
		{7C4ACFF7-531F-4B8E-B214-24CCDF3A6689}.Debug|Any CPU.ActiveCfg = Debug|Any CPU
		{7C4ACFF7-531F-4B8E-B214-24CCDF3A6689}.Debug|Any CPU.Build.0 = Debug|Any CPU
		{7C4ACFF7-531F-4B8E-B214-24CCDF3A6689}.Release|Any CPU.ActiveCfg = Release|Any CPU
		{7C4ACFF7-531F-4B8E-B214-24CCDF3A6689}.Release|Any CPU.Build.0 = Release|Any CPU
		{CB60B366-E98A-454E-A76A-512ECFA9EFF9}.Debug|Any CPU.ActiveCfg = Debug|Any CPU
		{CB60B366-E98A-454E-A76A-512ECFA9EFF9}.Debug|Any CPU.Build.0 = Debug|Any CPU
		{CB60B366-E98A-454E-A76A-512ECFA9EFF9}.Release|Any CPU.ActiveCfg = Release|Any CPU
		{CB60B366-E98A-454E-A76A-512ECFA9EFF9}.Release|Any CPU.Build.0 = Release|Any CPU
		{9317286A-1776-421A-A21C-F6BE6E96C413}.Debug|Any CPU.ActiveCfg = Debug|Any CPU
		{9317286A-1776-421A-A21C-F6BE6E96C413}.Debug|Any CPU.Build.0 = Debug|Any CPU
		{9317286A-1776-421A-A21C-F6BE6E96C413}.Release|Any CPU.ActiveCfg = Release|Any CPU
		{9317286A-1776-421A-A21C-F6BE6E96C413}.Release|Any CPU.Build.0 = Release|Any CPU
		{8014705F-49CE-44EF-8F7E-584F3F29383F}.Debug|Any CPU.ActiveCfg = Debug|Any CPU
		{8014705F-49CE-44EF-8F7E-584F3F29383F}.Debug|Any CPU.Build.0 = Debug|Any CPU
		{8014705F-49CE-44EF-8F7E-584F3F29383F}.Release|Any CPU.ActiveCfg = Release|Any CPU
		{8014705F-49CE-44EF-8F7E-584F3F29383F}.Release|Any CPU.Build.0 = Release|Any CPU
		{D56E6C8E-487C-4B60-8DA6-BA19252C2AFA}.Debug|Any CPU.ActiveCfg = Debug|Any CPU
		{D56E6C8E-487C-4B60-8DA6-BA19252C2AFA}.Debug|Any CPU.Build.0 = Debug|Any CPU
		{D56E6C8E-487C-4B60-8DA6-BA19252C2AFA}.Release|Any CPU.ActiveCfg = Release|Any CPU
		{D56E6C8E-487C-4B60-8DA6-BA19252C2AFA}.Release|Any CPU.Build.0 = Release|Any CPU
		{9186F148-A3EC-4A7A-A887-6D18FD4755A5}.Debug|Any CPU.ActiveCfg = Debug|Any CPU
		{9186F148-A3EC-4A7A-A887-6D18FD4755A5}.Debug|Any CPU.Build.0 = Debug|Any CPU
		{9186F148-A3EC-4A7A-A887-6D18FD4755A5}.Release|Any CPU.ActiveCfg = Release|Any CPU
		{9186F148-A3EC-4A7A-A887-6D18FD4755A5}.Release|Any CPU.Build.0 = Release|Any CPU
		{06696E5A-C562-4911-A442-15215179F8FC}.Debug|Any CPU.ActiveCfg = Debug|Any CPU
		{06696E5A-C562-4911-A442-15215179F8FC}.Debug|Any CPU.Build.0 = Debug|Any CPU
		{06696E5A-C562-4911-A442-15215179F8FC}.Release|Any CPU.ActiveCfg = Release|Any CPU
		{06696E5A-C562-4911-A442-15215179F8FC}.Release|Any CPU.Build.0 = Release|Any CPU
		{AE38D9D6-F344-404E-B22E-23C71E9F3695}.Debug|Any CPU.ActiveCfg = Debug|Any CPU
		{AE38D9D6-F344-404E-B22E-23C71E9F3695}.Debug|Any CPU.Build.0 = Debug|Any CPU
		{AE38D9D6-F344-404E-B22E-23C71E9F3695}.Release|Any CPU.ActiveCfg = Release|Any CPU
		{AE38D9D6-F344-404E-B22E-23C71E9F3695}.Release|Any CPU.Build.0 = Release|Any CPU
		{FECFBF96-62FE-4A9A-B740-B1CADC51029D}.Debug|Any CPU.ActiveCfg = Debug|Any CPU
		{FECFBF96-62FE-4A9A-B740-B1CADC51029D}.Debug|Any CPU.Build.0 = Debug|Any CPU
		{FECFBF96-62FE-4A9A-B740-B1CADC51029D}.Release|Any CPU.ActiveCfg = Release|Any CPU
		{FECFBF96-62FE-4A9A-B740-B1CADC51029D}.Release|Any CPU.Build.0 = Release|Any CPU
		{1A5FAF0C-017E-4319-8CAB-AB55B3CD2D92}.Debug|Any CPU.ActiveCfg = Debug|Any CPU
		{1A5FAF0C-017E-4319-8CAB-AB55B3CD2D92}.Debug|Any CPU.Build.0 = Debug|Any CPU
		{1A5FAF0C-017E-4319-8CAB-AB55B3CD2D92}.Release|Any CPU.ActiveCfg = Release|Any CPU
		{1A5FAF0C-017E-4319-8CAB-AB55B3CD2D92}.Release|Any CPU.Build.0 = Release|Any CPU
		{4C9000BC-9290-4966-97A2-72838F48DCEF}.Debug|Any CPU.ActiveCfg = Debug|Any CPU
		{4C9000BC-9290-4966-97A2-72838F48DCEF}.Debug|Any CPU.Build.0 = Debug|Any CPU
		{4C9000BC-9290-4966-97A2-72838F48DCEF}.Release|Any CPU.ActiveCfg = Release|Any CPU
		{4C9000BC-9290-4966-97A2-72838F48DCEF}.Release|Any CPU.Build.0 = Release|Any CPU
		{C3B8797D-550A-4687-BF2F-1E8EF986E571}.Debug|Any CPU.ActiveCfg = Debug|Any CPU
		{C3B8797D-550A-4687-BF2F-1E8EF986E571}.Debug|Any CPU.Build.0 = Debug|Any CPU
		{C3B8797D-550A-4687-BF2F-1E8EF986E571}.Release|Any CPU.ActiveCfg = Release|Any CPU
		{C3B8797D-550A-4687-BF2F-1E8EF986E571}.Release|Any CPU.Build.0 = Release|Any CPU
		{52BF4C7D-5712-45DA-A610-EECBBCFF58E6}.Debug|Any CPU.ActiveCfg = Debug|Any CPU
		{52BF4C7D-5712-45DA-A610-EECBBCFF58E6}.Debug|Any CPU.Build.0 = Debug|Any CPU
		{52BF4C7D-5712-45DA-A610-EECBBCFF58E6}.Release|Any CPU.ActiveCfg = Release|Any CPU
		{52BF4C7D-5712-45DA-A610-EECBBCFF58E6}.Release|Any CPU.Build.0 = Release|Any CPU
		{B33866FF-2B94-4DD5-864C-155644942207}.Debug|Any CPU.ActiveCfg = Debug|Any CPU
		{B33866FF-2B94-4DD5-864C-155644942207}.Debug|Any CPU.Build.0 = Debug|Any CPU
		{B33866FF-2B94-4DD5-864C-155644942207}.Release|Any CPU.ActiveCfg = Release|Any CPU
		{B33866FF-2B94-4DD5-864C-155644942207}.Release|Any CPU.Build.0 = Release|Any CPU
	EndGlobalSection
	GlobalSection(SolutionProperties) = preSolution
		HideSolutionNode = FALSE
	EndGlobalSection
	GlobalSection(NestedProjects) = preSolution
		{06F8BAD4-EA61-4715-9F6D-9907B4C0EB00} = {09E9DCF7-83B3-4CFF-8668-BE2BF4B644F2}
		{C726E434-33C6-4A14-B2A9-8FE344BB9060} = {09E9DCF7-83B3-4CFF-8668-BE2BF4B644F2}
		{7C4ACFF7-531F-4B8E-B214-24CCDF3A6689} = {09E9DCF7-83B3-4CFF-8668-BE2BF4B644F2}
		{CB60B366-E98A-454E-A76A-512ECFA9EFF9} = {6B8EAE4E-9B33-45DB-B6DA-BAD52AA26017}
		{9317286A-1776-421A-A21C-F6BE6E96C413} = {6B8EAE4E-9B33-45DB-B6DA-BAD52AA26017}
		{8014705F-49CE-44EF-8F7E-584F3F29383F} = {6B8EAE4E-9B33-45DB-B6DA-BAD52AA26017}
		{D56E6C8E-487C-4B60-8DA6-BA19252C2AFA} = {6B8EAE4E-9B33-45DB-B6DA-BAD52AA26017}
		{9186F148-A3EC-4A7A-A887-6D18FD4755A5} = {6B8EAE4E-9B33-45DB-B6DA-BAD52AA26017}
		{06696E5A-C562-4911-A442-15215179F8FC} = {6B8EAE4E-9B33-45DB-B6DA-BAD52AA26017}
		{AE38D9D6-F344-404E-B22E-23C71E9F3695} = {6B8EAE4E-9B33-45DB-B6DA-BAD52AA26017}
		{FECFBF96-62FE-4A9A-B740-B1CADC51029D} = {6B8EAE4E-9B33-45DB-B6DA-BAD52AA26017}
		{1A5FAF0C-017E-4319-8CAB-AB55B3CD2D92} = {09E9DCF7-83B3-4CFF-8668-BE2BF4B644F2}
		{4C9000BC-9290-4966-97A2-72838F48DCEF} = {6B8EAE4E-9B33-45DB-B6DA-BAD52AA26017}
		{C3B8797D-550A-4687-BF2F-1E8EF986E571} = {1667FDA8-4D79-476F-B074-D13D5BA4FDF6}
		{52BF4C7D-5712-45DA-A610-EECBBCFF58E6} = {1667FDA8-4D79-476F-B074-D13D5BA4FDF6}
		{B33866FF-2B94-4DD5-864C-155644942207} = {E4B74301-5AA9-4953-AD66-9B4CCFF4604B}
	EndGlobalSection
	GlobalSection(ExtensibilityGlobals) = postSolution
		SolutionGuid = {3C8449D8-500D-47A5-8E86-1828FC2F9743}
	EndGlobalSection
EndGlobal
